// !$*UTF8*$!
{
	archiveVersion = 1;
	classes = {
	};
	objectVersion = 56;
	objects = {

/* Begin PBXBuildFile section */
		1B1696062A08CD6300D827FB /* Dependency.swift in Sources */ = {isa = PBXBuildFile; fileRef = 1B1696052A08CD6300D827FB /* Dependency.swift */; };
		1B16960B2A08CF2400D827FB /* FirebaseDatabase in Frameworks */ = {isa = PBXBuildFile; productRef = 1B16960A2A08CF2400D827FB /* FirebaseDatabase */; };
		1B16960D2A08CF2400D827FB /* FirebaseDatabaseSwift in Frameworks */ = {isa = PBXBuildFile; productRef = 1B16960C2A08CF2400D827FB /* FirebaseDatabaseSwift */; };
		1B16960F2A08D53800D827FB /* GoogleService-Info.plist in Resources */ = {isa = PBXBuildFile; fileRef = 1B16960E2A08D53800D827FB /* GoogleService-Info.plist */; };
		1B1696132A09C5A000D827FB /* CustomTable.swift in Sources */ = {isa = PBXBuildFile; fileRef = 1B1696122A09C5A000D827FB /* CustomTable.swift */; };
		1B396F952A03691900C7966C /* ProgressCircle.swift in Sources */ = {isa = PBXBuildFile; fileRef = 1B396F942A03691900C7966C /* ProgressCircle.swift */; };
		1B396F972A03695F00C7966C /* CommonPushButtonStyle.swift in Sources */ = {isa = PBXBuildFile; fileRef = 1B396F962A03695F00C7966C /* CommonPushButtonStyle.swift */; };
		1B5EB2E92A08B92C00029256 /* CommonRectangle.swift in Sources */ = {isa = PBXBuildFile; fileRef = 1B5EB2E82A08B92C00029256 /* CommonRectangle.swift */; };
		1B6BDE6829FA37C300FDABA3 /* FunTodayApp.swift in Sources */ = {isa = PBXBuildFile; fileRef = 1B6BDE6729FA37C300FDABA3 /* FunTodayApp.swift */; };
		1B6BDE6A29FA37C300FDABA3 /* FunTodayAppTabView.swift in Sources */ = {isa = PBXBuildFile; fileRef = 1B6BDE6929FA37C300FDABA3 /* FunTodayAppTabView.swift */; };
		1B6BDE6C29FA37C500FDABA3 /* Assets.xcassets in Resources */ = {isa = PBXBuildFile; fileRef = 1B6BDE6B29FA37C500FDABA3 /* Assets.xcassets */; };
		1B6BDE7929FA37C500FDABA3 /* FunTodayTests.swift in Sources */ = {isa = PBXBuildFile; fileRef = 1B6BDE7829FA37C500FDABA3 /* FunTodayTests.swift */; };
		1B6BDE8329FA37C500FDABA3 /* FunTodayUITests.swift in Sources */ = {isa = PBXBuildFile; fileRef = 1B6BDE8229FA37C500FDABA3 /* FunTodayUITests.swift */; };
		1B6BDE8529FA37C500FDABA3 /* FunTodayUITestsLaunchTests.swift in Sources */ = {isa = PBXBuildFile; fileRef = 1B6BDE8429FA37C500FDABA3 /* FunTodayUITestsLaunchTests.swift */; };
		1B6BDE9229FA3A9900FDABA3 /* README.md in Resources */ = {isa = PBXBuildFile; fileRef = 1B6BDE9129FA3A9800FDABA3 /* README.md */; };
		1B6BDE9429FA551900FDABA3 /* GoalsView.swift in Sources */ = {isa = PBXBuildFile; fileRef = 1B6BDE9329FA551900FDABA3 /* GoalsView.swift */; };
		1B6BDE9629FA552200FDABA3 /* ReviewView.swift in Sources */ = {isa = PBXBuildFile; fileRef = 1B6BDE9529FA552200FDABA3 /* ReviewView.swift */; };
		1B6BDE9829FA552800FDABA3 /* SettingView.swift in Sources */ = {isa = PBXBuildFile; fileRef = 1B6BDE9729FA552800FDABA3 /* SettingView.swift */; };
		1B6BDE9A29FA580300FDABA3 /* FunTodayTab.swift in Sources */ = {isa = PBXBuildFile; fileRef = 1B6BDE9929FA580300FDABA3 /* FunTodayTab.swift */; };
		1B6BDE9F29FA5A7C00FDABA3 /* GoalItem.swift in Sources */ = {isa = PBXBuildFile; fileRef = 1B6BDE9E29FA5A7C00FDABA3 /* GoalItem.swift */; };
		1B6BDEA329FA5AB800FDABA3 /* View+Shadow.swift in Sources */ = {isa = PBXBuildFile; fileRef = 1B6BDEA229FA5AB800FDABA3 /* View+Shadow.swift */; };
		1B6BDEA529FA5B0E00FDABA3 /* View+Colors.swift in Sources */ = {isa = PBXBuildFile; fileRef = 1B6BDEA429FA5B0E00FDABA3 /* View+Colors.swift */; };
		1B6C37672A0C8AEF00BA731B /* FloatingPlusButton.swift in Sources */ = {isa = PBXBuildFile; fileRef = 1B6C37662A0C8AEF00BA731B /* FloatingPlusButton.swift */; };
		1B8AA75529FA5B9B001C3A97 /* Preview Assets.xcassets in Resources */ = {isa = PBXBuildFile; fileRef = 1B8AA75429FA5B9B001C3A97 /* Preview Assets.xcassets */; };
		1B8AA75729FA5FC7001C3A97 /* GoalDetail.swift in Sources */ = {isa = PBXBuildFile; fileRef = 1B8AA75629FA5FC7001C3A97 /* GoalDetail.swift */; };
		1B8AA75929FA6217001C3A97 /* View+List.swift in Sources */ = {isa = PBXBuildFile; fileRef = 1B8AA75829FA6217001C3A97 /* View+List.swift */; };
		1B8AA75F29FA842C001C3A97 /* Goal.swift in Sources */ = {isa = PBXBuildFile; fileRef = 1B8AA75E29FA842C001C3A97 /* Goal.swift */; };
		1B8AA76129FA8431001C3A97 /* Routine.swift in Sources */ = {isa = PBXBuildFile; fileRef = 1B8AA76029FA8430001C3A97 /* Routine.swift */; };
		1B8AA76329FA8437001C3A97 /* Activity.swift in Sources */ = {isa = PBXBuildFile; fileRef = 1B8AA76229FA8437001C3A97 /* Activity.swift */; };
		1B8AA76529FA8458001C3A97 /* Goal+TestDouble.swift in Sources */ = {isa = PBXBuildFile; fileRef = 1B8AA76429FA8458001C3A97 /* Goal+TestDouble.swift */; };
		1B8AA76729FA845F001C3A97 /* Routine+TestDouble.swift in Sources */ = {isa = PBXBuildFile; fileRef = 1B8AA76629FA845F001C3A97 /* Routine+TestDouble.swift */; };
		1B8AA76929FA8464001C3A97 /* Activity+TestDouble.swift in Sources */ = {isa = PBXBuildFile; fileRef = 1B8AA76829FA8464001C3A97 /* Activity+TestDouble.swift */; };
		1B8AA76B29FA849D001C3A97 /* TestDouble.swift in Sources */ = {isa = PBXBuildFile; fileRef = 1B8AA76A29FA849D001C3A97 /* TestDouble.swift */; };
		1B8AA76D29FA9010001C3A97 /* Entity.swift in Sources */ = {isa = PBXBuildFile; fileRef = 1B8AA76C29FA9010001C3A97 /* Entity.swift */; };
		1B8AA76F29FA94F6001C3A97 /* PriorityQueue.swift in Sources */ = {isa = PBXBuildFile; fileRef = 1B8AA76E29FA94F6001C3A97 /* PriorityQueue.swift */; };
		1B8AA77029FA95D0001C3A97 /* PriorityQueue.swift in Sources */ = {isa = PBXBuildFile; fileRef = 1B8AA76E29FA94F6001C3A97 /* PriorityQueue.swift */; };
		1B8AA77229FAA983001C3A97 /* Routine+CustomTableRow.swift in Sources */ = {isa = PBXBuildFile; fileRef = 1B8AA77129FAA983001C3A97 /* Routine+CustomTableRow.swift */; };
/* End PBXBuildFile section */

/* Begin PBXContainerItemProxy section */
		1B6BDE7529FA37C500FDABA3 /* PBXContainerItemProxy */ = {
			isa = PBXContainerItemProxy;
			containerPortal = 1B6BDE5C29FA37C300FDABA3 /* Project object */;
			proxyType = 1;
			remoteGlobalIDString = 1B6BDE6329FA37C300FDABA3;
			remoteInfo = FunToday;
		};
		1B6BDE7F29FA37C500FDABA3 /* PBXContainerItemProxy */ = {
			isa = PBXContainerItemProxy;
			containerPortal = 1B6BDE5C29FA37C300FDABA3 /* Project object */;
			proxyType = 1;
			remoteGlobalIDString = 1B6BDE6329FA37C300FDABA3;
			remoteInfo = FunToday;
		};
/* End PBXContainerItemProxy section */

/* Begin PBXFileReference section */
		1B1696052A08CD6300D827FB /* Dependency.swift */ = {isa = PBXFileReference; lastKnownFileType = sourcecode.swift; path = Dependency.swift; sourceTree = "<group>"; };
		1B16960E2A08D53800D827FB /* GoogleService-Info.plist */ = {isa = PBXFileReference; fileEncoding = 4; lastKnownFileType = text.plist.xml; path = "GoogleService-Info.plist"; sourceTree = "<group>"; };
		1B1696122A09C5A000D827FB /* CustomTable.swift */ = {isa = PBXFileReference; lastKnownFileType = sourcecode.swift; path = CustomTable.swift; sourceTree = "<group>"; };
		1B396F942A03691900C7966C /* ProgressCircle.swift */ = {isa = PBXFileReference; lastKnownFileType = sourcecode.swift; path = ProgressCircle.swift; sourceTree = "<group>"; };
		1B396F962A03695F00C7966C /* CommonPushButtonStyle.swift */ = {isa = PBXFileReference; lastKnownFileType = sourcecode.swift; path = CommonPushButtonStyle.swift; sourceTree = "<group>"; };
		1B5EB2E82A08B92C00029256 /* CommonRectangle.swift */ = {isa = PBXFileReference; lastKnownFileType = sourcecode.swift; path = CommonRectangle.swift; sourceTree = "<group>"; };
		1B6BDE6429FA37C300FDABA3 /* FunToday.app */ = {isa = PBXFileReference; explicitFileType = wrapper.application; includeInIndex = 0; path = FunToday.app; sourceTree = BUILT_PRODUCTS_DIR; };
		1B6BDE6729FA37C300FDABA3 /* FunTodayApp.swift */ = {isa = PBXFileReference; lastKnownFileType = sourcecode.swift; path = FunTodayApp.swift; sourceTree = "<group>"; };
		1B6BDE6929FA37C300FDABA3 /* FunTodayAppTabView.swift */ = {isa = PBXFileReference; lastKnownFileType = sourcecode.swift; path = FunTodayAppTabView.swift; sourceTree = "<group>"; };
		1B6BDE6B29FA37C500FDABA3 /* Assets.xcassets */ = {isa = PBXFileReference; lastKnownFileType = folder.assetcatalog; path = Assets.xcassets; sourceTree = "<group>"; };
		1B6BDE7429FA37C500FDABA3 /* FunTodayTests.xctest */ = {isa = PBXFileReference; explicitFileType = wrapper.cfbundle; includeInIndex = 0; path = FunTodayTests.xctest; sourceTree = BUILT_PRODUCTS_DIR; };
		1B6BDE7829FA37C500FDABA3 /* FunTodayTests.swift */ = {isa = PBXFileReference; lastKnownFileType = sourcecode.swift; path = FunTodayTests.swift; sourceTree = "<group>"; };
		1B6BDE7E29FA37C500FDABA3 /* FunTodayUITests.xctest */ = {isa = PBXFileReference; explicitFileType = wrapper.cfbundle; includeInIndex = 0; path = FunTodayUITests.xctest; sourceTree = BUILT_PRODUCTS_DIR; };
		1B6BDE8229FA37C500FDABA3 /* FunTodayUITests.swift */ = {isa = PBXFileReference; lastKnownFileType = sourcecode.swift; path = FunTodayUITests.swift; sourceTree = "<group>"; };
		1B6BDE8429FA37C500FDABA3 /* FunTodayUITestsLaunchTests.swift */ = {isa = PBXFileReference; lastKnownFileType = sourcecode.swift; path = FunTodayUITestsLaunchTests.swift; sourceTree = "<group>"; };
		1B6BDE9129FA3A9800FDABA3 /* README.md */ = {isa = PBXFileReference; fileEncoding = 4; lastKnownFileType = net.daringfireball.markdown; path = README.md; sourceTree = "<group>"; };
		1B6BDE9329FA551900FDABA3 /* GoalsView.swift */ = {isa = PBXFileReference; lastKnownFileType = sourcecode.swift; path = GoalsView.swift; sourceTree = "<group>"; };
		1B6BDE9529FA552200FDABA3 /* ReviewView.swift */ = {isa = PBXFileReference; lastKnownFileType = sourcecode.swift; path = ReviewView.swift; sourceTree = "<group>"; };
		1B6BDE9729FA552800FDABA3 /* SettingView.swift */ = {isa = PBXFileReference; lastKnownFileType = sourcecode.swift; path = SettingView.swift; sourceTree = "<group>"; };
		1B6BDE9929FA580300FDABA3 /* FunTodayTab.swift */ = {isa = PBXFileReference; lastKnownFileType = sourcecode.swift; path = FunTodayTab.swift; sourceTree = "<group>"; };
		1B6BDE9E29FA5A7C00FDABA3 /* GoalItem.swift */ = {isa = PBXFileReference; lastKnownFileType = sourcecode.swift; path = GoalItem.swift; sourceTree = "<group>"; };
		1B6BDEA229FA5AB800FDABA3 /* View+Shadow.swift */ = {isa = PBXFileReference; lastKnownFileType = sourcecode.swift; path = "View+Shadow.swift"; sourceTree = "<group>"; };
		1B6BDEA429FA5B0E00FDABA3 /* View+Colors.swift */ = {isa = PBXFileReference; lastKnownFileType = sourcecode.swift; path = "View+Colors.swift"; sourceTree = "<group>"; };
		1B6C37662A0C8AEF00BA731B /* FloatingPlusButton.swift */ = {isa = PBXFileReference; lastKnownFileType = sourcecode.swift; path = FloatingPlusButton.swift; sourceTree = "<group>"; };
		1B8AA75429FA5B9B001C3A97 /* Preview Assets.xcassets */ = {isa = PBXFileReference; lastKnownFileType = folder.assetcatalog; path = "Preview Assets.xcassets"; sourceTree = "<group>"; };
		1B8AA75629FA5FC7001C3A97 /* GoalDetail.swift */ = {isa = PBXFileReference; lastKnownFileType = sourcecode.swift; path = GoalDetail.swift; sourceTree = "<group>"; };
		1B8AA75829FA6217001C3A97 /* View+List.swift */ = {isa = PBXFileReference; lastKnownFileType = sourcecode.swift; path = "View+List.swift"; sourceTree = "<group>"; };
		1B8AA75E29FA842C001C3A97 /* Goal.swift */ = {isa = PBXFileReference; lastKnownFileType = sourcecode.swift; path = Goal.swift; sourceTree = "<group>"; };
		1B8AA76029FA8430001C3A97 /* Routine.swift */ = {isa = PBXFileReference; lastKnownFileType = sourcecode.swift; path = Routine.swift; sourceTree = "<group>"; };
		1B8AA76229FA8437001C3A97 /* Activity.swift */ = {isa = PBXFileReference; lastKnownFileType = sourcecode.swift; path = Activity.swift; sourceTree = "<group>"; };
		1B8AA76429FA8458001C3A97 /* Goal+TestDouble.swift */ = {isa = PBXFileReference; lastKnownFileType = sourcecode.swift; path = "Goal+TestDouble.swift"; sourceTree = "<group>"; };
		1B8AA76629FA845F001C3A97 /* Routine+TestDouble.swift */ = {isa = PBXFileReference; lastKnownFileType = sourcecode.swift; path = "Routine+TestDouble.swift"; sourceTree = "<group>"; };
		1B8AA76829FA8464001C3A97 /* Activity+TestDouble.swift */ = {isa = PBXFileReference; lastKnownFileType = sourcecode.swift; path = "Activity+TestDouble.swift"; sourceTree = "<group>"; };
		1B8AA76A29FA849D001C3A97 /* TestDouble.swift */ = {isa = PBXFileReference; lastKnownFileType = sourcecode.swift; path = TestDouble.swift; sourceTree = "<group>"; };
		1B8AA76C29FA9010001C3A97 /* Entity.swift */ = {isa = PBXFileReference; lastKnownFileType = sourcecode.swift; path = Entity.swift; sourceTree = "<group>"; };
		1B8AA76E29FA94F6001C3A97 /* PriorityQueue.swift */ = {isa = PBXFileReference; lastKnownFileType = sourcecode.swift; path = PriorityQueue.swift; sourceTree = "<group>"; };
		1B8AA77129FAA983001C3A97 /* Routine+CustomTableRow.swift */ = {isa = PBXFileReference; lastKnownFileType = sourcecode.swift; path = "Routine+CustomTableRow.swift"; sourceTree = "<group>"; };
/* End PBXFileReference section */

/* Begin PBXFrameworksBuildPhase section */
		1B6BDE6129FA37C300FDABA3 /* Frameworks */ = {
			isa = PBXFrameworksBuildPhase;
			buildActionMask = 2147483647;
			files = (
				1B16960D2A08CF2400D827FB /* FirebaseDatabaseSwift in Frameworks */,
				1B16960B2A08CF2400D827FB /* FirebaseDatabase in Frameworks */,
			);
			runOnlyForDeploymentPostprocessing = 0;
		};
		1B6BDE7129FA37C500FDABA3 /* Frameworks */ = {
			isa = PBXFrameworksBuildPhase;
			buildActionMask = 2147483647;
			files = (
			);
			runOnlyForDeploymentPostprocessing = 0;
		};
		1B6BDE7B29FA37C500FDABA3 /* Frameworks */ = {
			isa = PBXFrameworksBuildPhase;
			buildActionMask = 2147483647;
			files = (
			);
			runOnlyForDeploymentPostprocessing = 0;
		};
/* End PBXFrameworksBuildPhase section */

/* Begin PBXGroup section */
		1B1696042A08CD5900D827FB /* Dependency */ = {
			isa = PBXGroup;
			children = (
				1B1696052A08CD6300D827FB /* Dependency.swift */,
			);
			path = Dependency;
			sourceTree = "<group>";
		};
		1B6BDE5B29FA37C300FDABA3 = {
			isa = PBXGroup;
			children = (
				1B6BDE9129FA3A9800FDABA3 /* README.md */,
				1B6BDE6629FA37C300FDABA3 /* FunToday */,
				1B6BDE7729FA37C500FDABA3 /* FunTodayTests */,
				1B6BDE8129FA37C500FDABA3 /* FunTodayUITests */,
				1B6BDE6529FA37C300FDABA3 /* Products */,
			);
			sourceTree = "<group>";
		};
		1B6BDE6529FA37C300FDABA3 /* Products */ = {
			isa = PBXGroup;
			children = (
				1B6BDE6429FA37C300FDABA3 /* FunToday.app */,
				1B6BDE7429FA37C500FDABA3 /* FunTodayTests.xctest */,
				1B6BDE7E29FA37C500FDABA3 /* FunTodayUITests.xctest */,
			);
			name = Products;
			sourceTree = "<group>";
		};
		1B6BDE6629FA37C300FDABA3 /* FunToday */ = {
			isa = PBXGroup;
			children = (
				1B1696042A08CD5900D827FB /* Dependency */,
				1B8AA75D29FA8426001C3A97 /* Entity */,
				1B6BDE6729FA37C300FDABA3 /* FunTodayApp.swift */,
				1B6BDE6929FA37C300FDABA3 /* FunTodayAppTabView.swift */,
				1B6BDE9929FA580300FDABA3 /* FunTodayTab.swift */,
				1B6BDE9B29FA585800FDABA3 /* Goals */,
				1B6BDE9C29FA585E00FDABA3 /* Review */,
				1B6BDE9D29FA586400FDABA3 /* Setting */,
				1B6BDE6B29FA37C500FDABA3 /* Assets.xcassets */,
				1B6BDEA029FA5AA600FDABA3 /* Common */,
				1B16960E2A08D53800D827FB /* GoogleService-Info.plist */,
			);
			path = FunToday;
			sourceTree = "<group>";
		};
		1B6BDE7729FA37C500FDABA3 /* FunTodayTests */ = {
			isa = PBXGroup;
			children = (
				1B6BDE7829FA37C500FDABA3 /* FunTodayTests.swift */,
			);
			path = FunTodayTests;
			sourceTree = "<group>";
		};
		1B6BDE8129FA37C500FDABA3 /* FunTodayUITests */ = {
			isa = PBXGroup;
			children = (
				1B6BDE8229FA37C500FDABA3 /* FunTodayUITests.swift */,
				1B6BDE8429FA37C500FDABA3 /* FunTodayUITestsLaunchTests.swift */,
			);
			path = FunTodayUITests;
			sourceTree = "<group>";
		};
		1B6BDE9B29FA585800FDABA3 /* Goals */ = {
			isa = PBXGroup;
			children = (
				1B6BDE9329FA551900FDABA3 /* GoalsView.swift */,
				1B8AA75629FA5FC7001C3A97 /* GoalDetail.swift */,
				1B6BDE9E29FA5A7C00FDABA3 /* GoalItem.swift */,
			);
			path = Goals;
			sourceTree = "<group>";
		};
		1B6BDE9C29FA585E00FDABA3 /* Review */ = {
			isa = PBXGroup;
			children = (
				1B6BDE9529FA552200FDABA3 /* ReviewView.swift */,
			);
			path = Review;
			sourceTree = "<group>";
		};
		1B6BDE9D29FA586400FDABA3 /* Setting */ = {
			isa = PBXGroup;
			children = (
				1B6BDE9729FA552800FDABA3 /* SettingView.swift */,
			);
			path = Setting;
			sourceTree = "<group>";
		};
		1B6BDEA029FA5AA600FDABA3 /* Common */ = {
			isa = PBXGroup;
			children = (
				1B8AA75329FA5B9B001C3A97 /* Preview Content */,
				1B6BDEA129FA5AAE00FDABA3 /* View */,
			);
			path = Common;
			sourceTree = "<group>";
		};
		1B6BDEA129FA5AAE00FDABA3 /* View */ = {
			isa = PBXGroup;
			children = (
				1B6BDEA229FA5AB800FDABA3 /* View+Shadow.swift */,
				1B6BDEA429FA5B0E00FDABA3 /* View+Colors.swift */,
				1B8AA75829FA6217001C3A97 /* View+List.swift */,
				1B8AA77129FAA983001C3A97 /* Routine+CustomTableRow.swift */,
				1B396F942A03691900C7966C /* ProgressCircle.swift */,
				1B396F962A03695F00C7966C /* CommonPushButtonStyle.swift */,
				1B5EB2E82A08B92C00029256 /* CommonRectangle.swift */,
				1B1696122A09C5A000D827FB /* CustomTable.swift */,
				1B6C37662A0C8AEF00BA731B /* FloatingPlusButton.swift */,
			);
			path = View;
			sourceTree = "<group>";
		};
		1B8AA75329FA5B9B001C3A97 /* Preview Content */ = {
			isa = PBXGroup;
			children = (
				1B8AA75429FA5B9B001C3A97 /* Preview Assets.xcassets */,
			);
			path = "Preview Content";
			sourceTree = "<group>";
		};
		1B8AA75D29FA8426001C3A97 /* Entity */ = {
			isa = PBXGroup;
			children = (
				1B8AA75E29FA842C001C3A97 /* Goal.swift */,
				1B8AA76429FA8458001C3A97 /* Goal+TestDouble.swift */,
				1B8AA76029FA8430001C3A97 /* Routine.swift */,
				1B8AA76629FA845F001C3A97 /* Routine+TestDouble.swift */,
				1B8AA76229FA8437001C3A97 /* Activity.swift */,
				1B8AA76829FA8464001C3A97 /* Activity+TestDouble.swift */,
				1B8AA76C29FA9010001C3A97 /* Entity.swift */,
				1B8AA76A29FA849D001C3A97 /* TestDouble.swift */,
				1B8AA76E29FA94F6001C3A97 /* PriorityQueue.swift */,
			);
			path = Entity;
			sourceTree = "<group>";
		};
/* End PBXGroup section */

/* Begin PBXNativeTarget section */
		1B6BDE6329FA37C300FDABA3 /* FunToday */ = {
			isa = PBXNativeTarget;
			buildConfigurationList = 1B6BDE8829FA37C500FDABA3 /* Build configuration list for PBXNativeTarget "FunToday" */;
			buildPhases = (
				1B6BDE6029FA37C300FDABA3 /* Sources */,
				1B6BDE6129FA37C300FDABA3 /* Frameworks */,
				1B6BDE6229FA37C300FDABA3 /* Resources */,
			);
			buildRules = (
			);
			dependencies = (
			);
			name = FunToday;
			packageProductDependencies = (
				1B16960A2A08CF2400D827FB /* FirebaseDatabase */,
				1B16960C2A08CF2400D827FB /* FirebaseDatabaseSwift */,
			);
			productName = FunToday;
			productReference = 1B6BDE6429FA37C300FDABA3 /* FunToday.app */;
			productType = "com.apple.product-type.application";
		};
		1B6BDE7329FA37C500FDABA3 /* FunTodayTests */ = {
			isa = PBXNativeTarget;
			buildConfigurationList = 1B6BDE8B29FA37C500FDABA3 /* Build configuration list for PBXNativeTarget "FunTodayTests" */;
			buildPhases = (
				1B6BDE7029FA37C500FDABA3 /* Sources */,
				1B6BDE7129FA37C500FDABA3 /* Frameworks */,
				1B6BDE7229FA37C500FDABA3 /* Resources */,
			);
			buildRules = (
			);
			dependencies = (
				1B6BDE7629FA37C500FDABA3 /* PBXTargetDependency */,
			);
			name = FunTodayTests;
			productName = FunTodayTests;
			productReference = 1B6BDE7429FA37C500FDABA3 /* FunTodayTests.xctest */;
			productType = "com.apple.product-type.bundle.unit-test";
		};
		1B6BDE7D29FA37C500FDABA3 /* FunTodayUITests */ = {
			isa = PBXNativeTarget;
			buildConfigurationList = 1B6BDE8E29FA37C500FDABA3 /* Build configuration list for PBXNativeTarget "FunTodayUITests" */;
			buildPhases = (
				1B6BDE7A29FA37C500FDABA3 /* Sources */,
				1B6BDE7B29FA37C500FDABA3 /* Frameworks */,
				1B6BDE7C29FA37C500FDABA3 /* Resources */,
			);
			buildRules = (
			);
			dependencies = (
				1B6BDE8029FA37C500FDABA3 /* PBXTargetDependency */,
			);
			name = FunTodayUITests;
			productName = FunTodayUITests;
			productReference = 1B6BDE7E29FA37C500FDABA3 /* FunTodayUITests.xctest */;
			productType = "com.apple.product-type.bundle.ui-testing";
		};
/* End PBXNativeTarget section */

/* Begin PBXProject section */
		1B6BDE5C29FA37C300FDABA3 /* Project object */ = {
			isa = PBXProject;
			attributes = {
				BuildIndependentTargetsInParallel = 1;
				LastSwiftUpdateCheck = 1420;
				LastUpgradeCheck = 1420;
				TargetAttributes = {
					1B6BDE6329FA37C300FDABA3 = {
						CreatedOnToolsVersion = 14.2;
					};
					1B6BDE7329FA37C500FDABA3 = {
						CreatedOnToolsVersion = 14.2;
						TestTargetID = 1B6BDE6329FA37C300FDABA3;
					};
					1B6BDE7D29FA37C500FDABA3 = {
						CreatedOnToolsVersion = 14.2;
						TestTargetID = 1B6BDE6329FA37C300FDABA3;
					};
				};
			};
			buildConfigurationList = 1B6BDE5F29FA37C300FDABA3 /* Build configuration list for PBXProject "FunToday" */;
			compatibilityVersion = "Xcode 14.0";
			developmentRegion = en;
			hasScannedForEncodings = 0;
			knownRegions = (
				en,
				Base,
			);
			mainGroup = 1B6BDE5B29FA37C300FDABA3;
			packageReferences = (
				1B1696092A08CF2400D827FB /* XCRemoteSwiftPackageReference "firebase-ios-sdk" */,
			);
			productRefGroup = 1B6BDE6529FA37C300FDABA3 /* Products */;
			projectDirPath = "";
			projectRoot = "";
			targets = (
				1B6BDE6329FA37C300FDABA3 /* FunToday */,
				1B6BDE7329FA37C500FDABA3 /* FunTodayTests */,
				1B6BDE7D29FA37C500FDABA3 /* FunTodayUITests */,
			);
		};
/* End PBXProject section */

/* Begin PBXResourcesBuildPhase section */
		1B6BDE6229FA37C300FDABA3 /* Resources */ = {
			isa = PBXResourcesBuildPhase;
			buildActionMask = 2147483647;
			files = (
				1B6BDE9229FA3A9900FDABA3 /* README.md in Resources */,
				1B16960F2A08D53800D827FB /* GoogleService-Info.plist in Resources */,
				1B8AA75529FA5B9B001C3A97 /* Preview Assets.xcassets in Resources */,
				1B6BDE6C29FA37C500FDABA3 /* Assets.xcassets in Resources */,
			);
			runOnlyForDeploymentPostprocessing = 0;
		};
		1B6BDE7229FA37C500FDABA3 /* Resources */ = {
			isa = PBXResourcesBuildPhase;
			buildActionMask = 2147483647;
			files = (
			);
			runOnlyForDeploymentPostprocessing = 0;
		};
		1B6BDE7C29FA37C500FDABA3 /* Resources */ = {
			isa = PBXResourcesBuildPhase;
			buildActionMask = 2147483647;
			files = (
			);
			runOnlyForDeploymentPostprocessing = 0;
		};
/* End PBXResourcesBuildPhase section */

/* Begin PBXSourcesBuildPhase section */
		1B6BDE6029FA37C300FDABA3 /* Sources */ = {
			isa = PBXSourcesBuildPhase;
			buildActionMask = 2147483647;
			files = (
				1B8AA76B29FA849D001C3A97 /* TestDouble.swift in Sources */,
				1B1696062A08CD6300D827FB /* Dependency.swift in Sources */,
				1B6BDEA329FA5AB800FDABA3 /* View+Shadow.swift in Sources */,
				1B8AA76129FA8431001C3A97 /* Routine.swift in Sources */,
				1B8AA77229FAA983001C3A97 /* Routine+CustomTableRow.swift in Sources */,
				1B1696132A09C5A000D827FB /* CustomTable.swift in Sources */,
				1B6C37672A0C8AEF00BA731B /* FloatingPlusButton.swift in Sources */,
				1B8AA76329FA8437001C3A97 /* Activity.swift in Sources */,
				1B6BDE9629FA552200FDABA3 /* ReviewView.swift in Sources */,
				1B6BDE9A29FA580300FDABA3 /* FunTodayTab.swift in Sources */,
				1B6BDE9829FA552800FDABA3 /* SettingView.swift in Sources */,
				1B8AA75F29FA842C001C3A97 /* Goal.swift in Sources */,
				1B8AA75929FA6217001C3A97 /* View+List.swift in Sources */,
				1B5EB2E92A08B92C00029256 /* CommonRectangle.swift in Sources */,
				1B8AA76529FA8458001C3A97 /* Goal+TestDouble.swift in Sources */,
				1B6BDE9F29FA5A7C00FDABA3 /* GoalItem.swift in Sources */,
				1B6BDE9429FA551900FDABA3 /* GoalsView.swift in Sources */,
				1B6BDEA529FA5B0E00FDABA3 /* View+Colors.swift in Sources */,
				1B396F972A03695F00C7966C /* CommonPushButtonStyle.swift in Sources */,
				1B8AA75729FA5FC7001C3A97 /* GoalDetail.swift in Sources */,
				1B6BDE6A29FA37C300FDABA3 /* FunTodayAppTabView.swift in Sources */,
				1B8AA76929FA8464001C3A97 /* Activity+TestDouble.swift in Sources */,
				1B8AA76D29FA9010001C3A97 /* Entity.swift in Sources */,
				1B396F952A03691900C7966C /* ProgressCircle.swift in Sources */,
				1B8AA76F29FA94F6001C3A97 /* PriorityQueue.swift in Sources */,
				1B6BDE6829FA37C300FDABA3 /* FunTodayApp.swift in Sources */,
				1B8AA76729FA845F001C3A97 /* Routine+TestDouble.swift in Sources */,
			);
			runOnlyForDeploymentPostprocessing = 0;
		};
		1B6BDE7029FA37C500FDABA3 /* Sources */ = {
			isa = PBXSourcesBuildPhase;
			buildActionMask = 2147483647;
			files = (
				1B6BDE7929FA37C500FDABA3 /* FunTodayTests.swift in Sources */,
				1B8AA77029FA95D0001C3A97 /* PriorityQueue.swift in Sources */,
			);
			runOnlyForDeploymentPostprocessing = 0;
		};
		1B6BDE7A29FA37C500FDABA3 /* Sources */ = {
			isa = PBXSourcesBuildPhase;
			buildActionMask = 2147483647;
			files = (
				1B6BDE8529FA37C500FDABA3 /* FunTodayUITestsLaunchTests.swift in Sources */,
				1B6BDE8329FA37C500FDABA3 /* FunTodayUITests.swift in Sources */,
			);
			runOnlyForDeploymentPostprocessing = 0;
		};
/* End PBXSourcesBuildPhase section */

/* Begin PBXTargetDependency section */
		1B6BDE7629FA37C500FDABA3 /* PBXTargetDependency */ = {
			isa = PBXTargetDependency;
			target = 1B6BDE6329FA37C300FDABA3 /* FunToday */;
			targetProxy = 1B6BDE7529FA37C500FDABA3 /* PBXContainerItemProxy */;
		};
		1B6BDE8029FA37C500FDABA3 /* PBXTargetDependency */ = {
			isa = PBXTargetDependency;
			target = 1B6BDE6329FA37C300FDABA3 /* FunToday */;
			targetProxy = 1B6BDE7F29FA37C500FDABA3 /* PBXContainerItemProxy */;
		};
/* End PBXTargetDependency section */

/* Begin XCBuildConfiguration section */
		1B6BDE8629FA37C500FDABA3 /* Debug */ = {
			isa = XCBuildConfiguration;
			buildSettings = {
				ALWAYS_SEARCH_USER_PATHS = NO;
				CLANG_ANALYZER_NONNULL = YES;
				CLANG_ANALYZER_NUMBER_OBJECT_CONVERSION = YES_AGGRESSIVE;
				CLANG_CXX_LANGUAGE_STANDARD = "gnu++20";
				CLANG_ENABLE_MODULES = YES;
				CLANG_ENABLE_OBJC_ARC = YES;
				CLANG_ENABLE_OBJC_WEAK = YES;
				CLANG_WARN_BLOCK_CAPTURE_AUTORELEASING = YES;
				CLANG_WARN_BOOL_CONVERSION = YES;
				CLANG_WARN_COMMA = YES;
				CLANG_WARN_CONSTANT_CONVERSION = YES;
				CLANG_WARN_DEPRECATED_OBJC_IMPLEMENTATIONS = YES;
				CLANG_WARN_DIRECT_OBJC_ISA_USAGE = YES_ERROR;
				CLANG_WARN_DOCUMENTATION_COMMENTS = YES;
				CLANG_WARN_EMPTY_BODY = YES;
				CLANG_WARN_ENUM_CONVERSION = YES;
				CLANG_WARN_INFINITE_RECURSION = YES;
				CLANG_WARN_INT_CONVERSION = YES;
				CLANG_WARN_NON_LITERAL_NULL_CONVERSION = YES;
				CLANG_WARN_OBJC_IMPLICIT_RETAIN_SELF = YES;
				CLANG_WARN_OBJC_LITERAL_CONVERSION = YES;
				CLANG_WARN_OBJC_ROOT_CLASS = YES_ERROR;
				CLANG_WARN_QUOTED_INCLUDE_IN_FRAMEWORK_HEADER = YES;
				CLANG_WARN_RANGE_LOOP_ANALYSIS = YES;
				CLANG_WARN_STRICT_PROTOTYPES = YES;
				CLANG_WARN_SUSPICIOUS_MOVE = YES;
				CLANG_WARN_UNGUARDED_AVAILABILITY = YES_AGGRESSIVE;
				CLANG_WARN_UNREACHABLE_CODE = YES;
				CLANG_WARN__DUPLICATE_METHOD_MATCH = YES;
				COPY_PHASE_STRIP = NO;
				DEBUG_INFORMATION_FORMAT = dwarf;
				ENABLE_STRICT_OBJC_MSGSEND = YES;
				ENABLE_TESTABILITY = YES;
				GCC_C_LANGUAGE_STANDARD = gnu11;
				GCC_DYNAMIC_NO_PIC = NO;
				GCC_NO_COMMON_BLOCKS = YES;
				GCC_OPTIMIZATION_LEVEL = 0;
				GCC_PREPROCESSOR_DEFINITIONS = (
					"DEBUG=1",
					"$(inherited)",
				);
				GCC_WARN_64_TO_32_BIT_CONVERSION = YES;
				GCC_WARN_ABOUT_RETURN_TYPE = YES_ERROR;
				GCC_WARN_UNDECLARED_SELECTOR = YES;
				GCC_WARN_UNINITIALIZED_AUTOS = YES_AGGRESSIVE;
				GCC_WARN_UNUSED_FUNCTION = YES;
				GCC_WARN_UNUSED_VARIABLE = YES;
				IPHONEOS_DEPLOYMENT_TARGET = 16.2;
				MTL_ENABLE_DEBUG_INFO = INCLUDE_SOURCE;
				MTL_FAST_MATH = YES;
				ONLY_ACTIVE_ARCH = YES;
				SDKROOT = iphoneos;
				SWIFT_ACTIVE_COMPILATION_CONDITIONS = DEBUG;
				SWIFT_OPTIMIZATION_LEVEL = "-Onone";
			};
			name = Debug;
		};
		1B6BDE8729FA37C500FDABA3 /* Release */ = {
			isa = XCBuildConfiguration;
			buildSettings = {
				ALWAYS_SEARCH_USER_PATHS = NO;
				CLANG_ANALYZER_NONNULL = YES;
				CLANG_ANALYZER_NUMBER_OBJECT_CONVERSION = YES_AGGRESSIVE;
				CLANG_CXX_LANGUAGE_STANDARD = "gnu++20";
				CLANG_ENABLE_MODULES = YES;
				CLANG_ENABLE_OBJC_ARC = YES;
				CLANG_ENABLE_OBJC_WEAK = YES;
				CLANG_WARN_BLOCK_CAPTURE_AUTORELEASING = YES;
				CLANG_WARN_BOOL_CONVERSION = YES;
				CLANG_WARN_COMMA = YES;
				CLANG_WARN_CONSTANT_CONVERSION = YES;
				CLANG_WARN_DEPRECATED_OBJC_IMPLEMENTATIONS = YES;
				CLANG_WARN_DIRECT_OBJC_ISA_USAGE = YES_ERROR;
				CLANG_WARN_DOCUMENTATION_COMMENTS = YES;
				CLANG_WARN_EMPTY_BODY = YES;
				CLANG_WARN_ENUM_CONVERSION = YES;
				CLANG_WARN_INFINITE_RECURSION = YES;
				CLANG_WARN_INT_CONVERSION = YES;
				CLANG_WARN_NON_LITERAL_NULL_CONVERSION = YES;
				CLANG_WARN_OBJC_IMPLICIT_RETAIN_SELF = YES;
				CLANG_WARN_OBJC_LITERAL_CONVERSION = YES;
				CLANG_WARN_OBJC_ROOT_CLASS = YES_ERROR;
				CLANG_WARN_QUOTED_INCLUDE_IN_FRAMEWORK_HEADER = YES;
				CLANG_WARN_RANGE_LOOP_ANALYSIS = YES;
				CLANG_WARN_STRICT_PROTOTYPES = YES;
				CLANG_WARN_SUSPICIOUS_MOVE = YES;
				CLANG_WARN_UNGUARDED_AVAILABILITY = YES_AGGRESSIVE;
				CLANG_WARN_UNREACHABLE_CODE = YES;
				CLANG_WARN__DUPLICATE_METHOD_MATCH = YES;
				COPY_PHASE_STRIP = NO;
				DEBUG_INFORMATION_FORMAT = "dwarf-with-dsym";
				ENABLE_NS_ASSERTIONS = NO;
				ENABLE_STRICT_OBJC_MSGSEND = YES;
				GCC_C_LANGUAGE_STANDARD = gnu11;
				GCC_NO_COMMON_BLOCKS = YES;
				GCC_WARN_64_TO_32_BIT_CONVERSION = YES;
				GCC_WARN_ABOUT_RETURN_TYPE = YES_ERROR;
				GCC_WARN_UNDECLARED_SELECTOR = YES;
				GCC_WARN_UNINITIALIZED_AUTOS = YES_AGGRESSIVE;
				GCC_WARN_UNUSED_FUNCTION = YES;
				GCC_WARN_UNUSED_VARIABLE = YES;
				IPHONEOS_DEPLOYMENT_TARGET = 16.2;
				MTL_ENABLE_DEBUG_INFO = NO;
				MTL_FAST_MATH = YES;
				SDKROOT = iphoneos;
				SWIFT_COMPILATION_MODE = wholemodule;
				SWIFT_OPTIMIZATION_LEVEL = "-O";
				VALIDATE_PRODUCT = YES;
			};
			name = Release;
		};
		1B6BDE8929FA37C500FDABA3 /* Debug */ = {
			isa = XCBuildConfiguration;
			buildSettings = {
				ASSETCATALOG_COMPILER_APPICON_NAME = AppIcon;
				ASSETCATALOG_COMPILER_GLOBAL_ACCENT_COLOR_NAME = AccentColor;
				CODE_SIGN_STYLE = Automatic;
				CURRENT_PROJECT_VERSION = 1;
				DEVELOPMENT_ASSET_PATHS = "\"FunToday/Common/Preview Content\"";
				DEVELOPMENT_TEAM = L3ZPWB4HNK;
				ENABLE_PREVIEWS = YES;
				GENERATE_INFOPLIST_FILE = YES;
				INFOPLIST_KEY_LSApplicationCategoryType = "public.app-category.lifestyle";
				INFOPLIST_KEY_UIApplicationSceneManifest_Generation = YES;
				INFOPLIST_KEY_UIApplicationSupportsIndirectInputEvents = YES;
				INFOPLIST_KEY_UILaunchScreen_Generation = YES;
				INFOPLIST_KEY_UISupportedInterfaceOrientations_iPad = "UIInterfaceOrientationPortrait UIInterfaceOrientationPortraitUpsideDown UIInterfaceOrientationLandscapeLeft UIInterfaceOrientationLandscapeRight";
				INFOPLIST_KEY_UISupportedInterfaceOrientations_iPhone = "UIInterfaceOrientationPortrait UIInterfaceOrientationLandscapeLeft UIInterfaceOrientationLandscapeRight";
				IPHONEOS_DEPLOYMENT_TARGET = 15.0;
				LD_RUNPATH_SEARCH_PATHS = (
					"$(inherited)",
					"@executable_path/Frameworks",
				);
				MARKETING_VERSION = 1.0;
				PRODUCT_BUNDLE_IDENTIFIER = com.sanghwiback.FunToday;
				PRODUCT_NAME = "$(TARGET_NAME)";
				SWIFT_EMIT_LOC_STRINGS = YES;
				SWIFT_VERSION = 5.0;
				TARGETED_DEVICE_FAMILY = "1,2";
			};
			name = Debug;
		};
		1B6BDE8A29FA37C500FDABA3 /* Release */ = {
			isa = XCBuildConfiguration;
			buildSettings = {
				ASSETCATALOG_COMPILER_APPICON_NAME = AppIcon;
				ASSETCATALOG_COMPILER_GLOBAL_ACCENT_COLOR_NAME = AccentColor;
				CODE_SIGN_STYLE = Automatic;
				CURRENT_PROJECT_VERSION = 1;
				DEVELOPMENT_ASSET_PATHS = "\"FunToday/Common/Preview Content\"";
				DEVELOPMENT_TEAM = L3ZPWB4HNK;
				ENABLE_PREVIEWS = YES;
				GENERATE_INFOPLIST_FILE = YES;
				INFOPLIST_KEY_LSApplicationCategoryType = "public.app-category.lifestyle";
				INFOPLIST_KEY_UIApplicationSceneManifest_Generation = YES;
				INFOPLIST_KEY_UIApplicationSupportsIndirectInputEvents = YES;
				INFOPLIST_KEY_UILaunchScreen_Generation = YES;
				INFOPLIST_KEY_UISupportedInterfaceOrientations_iPad = "UIInterfaceOrientationPortrait UIInterfaceOrientationPortraitUpsideDown UIInterfaceOrientationLandscapeLeft UIInterfaceOrientationLandscapeRight";
				INFOPLIST_KEY_UISupportedInterfaceOrientations_iPhone = "UIInterfaceOrientationPortrait UIInterfaceOrientationLandscapeLeft UIInterfaceOrientationLandscapeRight";
				IPHONEOS_DEPLOYMENT_TARGET = 15.0;
				LD_RUNPATH_SEARCH_PATHS = (
					"$(inherited)",
					"@executable_path/Frameworks",
				);
				MARKETING_VERSION = 1.0;
				PRODUCT_BUNDLE_IDENTIFIER = com.sanghwiback.FunToday;
				PRODUCT_NAME = "$(TARGET_NAME)";
				SWIFT_EMIT_LOC_STRINGS = YES;
				SWIFT_VERSION = 5.0;
				TARGETED_DEVICE_FAMILY = "1,2";
			};
			name = Release;
		};
		1B6BDE8C29FA37C500FDABA3 /* Debug */ = {
			isa = XCBuildConfiguration;
			buildSettings = {
				ALWAYS_EMBED_SWIFT_STANDARD_LIBRARIES = YES;
				BUNDLE_LOADER = "$(TEST_HOST)";
				CODE_SIGN_STYLE = Automatic;
				CURRENT_PROJECT_VERSION = 1;
				DEVELOPMENT_TEAM = L3ZPWB4HNK;
				GENERATE_INFOPLIST_FILE = YES;
				IPHONEOS_DEPLOYMENT_TARGET = 15.0;
				MARKETING_VERSION = 1.0;
				PRODUCT_BUNDLE_IDENTIFIER = com.sanghwiback.FunTodayTests;
				PRODUCT_NAME = "$(TARGET_NAME)";
				SWIFT_EMIT_LOC_STRINGS = NO;
				SWIFT_VERSION = 5.0;
				TARGETED_DEVICE_FAMILY = "1,2";
				TEST_HOST = "$(BUILT_PRODUCTS_DIR)/FunToday.app/$(BUNDLE_EXECUTABLE_FOLDER_PATH)/FunToday";
			};
			name = Debug;
		};
		1B6BDE8D29FA37C500FDABA3 /* Release */ = {
			isa = XCBuildConfiguration;
			buildSettings = {
				ALWAYS_EMBED_SWIFT_STANDARD_LIBRARIES = YES;
				BUNDLE_LOADER = "$(TEST_HOST)";
				CODE_SIGN_STYLE = Automatic;
				CURRENT_PROJECT_VERSION = 1;
				DEVELOPMENT_TEAM = L3ZPWB4HNK;
				GENERATE_INFOPLIST_FILE = YES;
				IPHONEOS_DEPLOYMENT_TARGET = 15.0;
				MARKETING_VERSION = 1.0;
				PRODUCT_BUNDLE_IDENTIFIER = com.sanghwiback.FunTodayTests;
				PRODUCT_NAME = "$(TARGET_NAME)";
				SWIFT_EMIT_LOC_STRINGS = NO;
				SWIFT_VERSION = 5.0;
				TARGETED_DEVICE_FAMILY = "1,2";
				TEST_HOST = "$(BUILT_PRODUCTS_DIR)/FunToday.app/$(BUNDLE_EXECUTABLE_FOLDER_PATH)/FunToday";
			};
			name = Release;
		};
		1B6BDE8F29FA37C500FDABA3 /* Debug */ = {
			isa = XCBuildConfiguration;
			buildSettings = {
				ALWAYS_EMBED_SWIFT_STANDARD_LIBRARIES = YES;
				CODE_SIGN_STYLE = Automatic;
				CURRENT_PROJECT_VERSION = 1;
				DEVELOPMENT_TEAM = L3ZPWB4HNK;
				GENERATE_INFOPLIST_FILE = YES;
				IPHONEOS_DEPLOYMENT_TARGET = 15.0;
				MARKETING_VERSION = 1.0;
				PRODUCT_BUNDLE_IDENTIFIER = com.sanghwiback.FunTodayUITests;
				PRODUCT_NAME = "$(TARGET_NAME)";
				SWIFT_EMIT_LOC_STRINGS = NO;
				SWIFT_VERSION = 5.0;
				TARGETED_DEVICE_FAMILY = "1,2";
				TEST_TARGET_NAME = FunToday;
			};
			name = Debug;
		};
		1B6BDE9029FA37C500FDABA3 /* Release */ = {
			isa = XCBuildConfiguration;
			buildSettings = {
				ALWAYS_EMBED_SWIFT_STANDARD_LIBRARIES = YES;
				CODE_SIGN_STYLE = Automatic;
				CURRENT_PROJECT_VERSION = 1;
				DEVELOPMENT_TEAM = L3ZPWB4HNK;
				GENERATE_INFOPLIST_FILE = YES;
				IPHONEOS_DEPLOYMENT_TARGET = 15.0;
				MARKETING_VERSION = 1.0;
				PRODUCT_BUNDLE_IDENTIFIER = com.sanghwiback.FunTodayUITests;
				PRODUCT_NAME = "$(TARGET_NAME)";
				SWIFT_EMIT_LOC_STRINGS = NO;
				SWIFT_VERSION = 5.0;
				TARGETED_DEVICE_FAMILY = "1,2";
				TEST_TARGET_NAME = FunToday;
			};
			name = Release;
		};
/* End XCBuildConfiguration section */

/* Begin XCConfigurationList section */
		1B6BDE5F29FA37C300FDABA3 /* Build configuration list for PBXProject "FunToday" */ = {
			isa = XCConfigurationList;
			buildConfigurations = (
				1B6BDE8629FA37C500FDABA3 /* Debug */,
				1B6BDE8729FA37C500FDABA3 /* Release */,
			);
			defaultConfigurationIsVisible = 0;
			defaultConfigurationName = Release;
		};
		1B6BDE8829FA37C500FDABA3 /* Build configuration list for PBXNativeTarget "FunToday" */ = {
			isa = XCConfigurationList;
			buildConfigurations = (
				1B6BDE8929FA37C500FDABA3 /* Debug */,
				1B6BDE8A29FA37C500FDABA3 /* Release */,
			);
			defaultConfigurationIsVisible = 0;
			defaultConfigurationName = Release;
		};
		1B6BDE8B29FA37C500FDABA3 /* Build configuration list for PBXNativeTarget "FunTodayTests" */ = {
			isa = XCConfigurationList;
			buildConfigurations = (
				1B6BDE8C29FA37C500FDABA3 /* Debug */,
				1B6BDE8D29FA37C500FDABA3 /* Release */,
			);
			defaultConfigurationIsVisible = 0;
			defaultConfigurationName = Release;
		};
		1B6BDE8E29FA37C500FDABA3 /* Build configuration list for PBXNativeTarget "FunTodayUITests" */ = {
			isa = XCConfigurationList;
			buildConfigurations = (
				1B6BDE8F29FA37C500FDABA3 /* Debug */,
				1B6BDE9029FA37C500FDABA3 /* Release */,
			);
			defaultConfigurationIsVisible = 0;
			defaultConfigurationName = Release;
		};
/* End XCConfigurationList section */

/* Begin XCRemoteSwiftPackageReference section */
		1B1696092A08CF2400D827FB /* XCRemoteSwiftPackageReference "firebase-ios-sdk" */ = {
			isa = XCRemoteSwiftPackageReference;
			repositoryURL = "https://github.com/firebase/firebase-ios-sdk";
			requirement = {
				branch = master;
				kind = branch;
			};
		};
/* End XCRemoteSwiftPackageReference section */

/* Begin XCSwiftPackageProductDependency section */
		1B16960A2A08CF2400D827FB /* FirebaseDatabase */ = {
			isa = XCSwiftPackageProductDependency;
			package = 1B1696092A08CF2400D827FB /* XCRemoteSwiftPackageReference "firebase-ios-sdk" */;
			productName = FirebaseDatabase;
		};
		1B16960C2A08CF2400D827FB /* FirebaseDatabaseSwift */ = {
			isa = XCSwiftPackageProductDependency;
			package = 1B1696092A08CF2400D827FB /* XCRemoteSwiftPackageReference "firebase-ios-sdk" */;
			productName = FirebaseDatabaseSwift;
		};
/* End XCSwiftPackageProductDependency section */
	};
	rootObject = 1B6BDE5C29FA37C300FDABA3 /* Project object */;
}
